{
  "name": "fragment",
  "version": "1.0.0",
  "lockfileVersion": 2,
  "requires": true,
  "packages": {
    "": {
      "name": "fragment",
      "version": "1.0.0",
      "license": "ISC",
      "dependencies": {
        "garn": "file:../garn"
      }
    },
    "../garn": {
      "version": "1.0.0",
      "license": "ISC",
      "devDependencies": {
        "eslint": "^8.19.0"
      }
    },
    "node_modules/garn": {
      "resolved": "../garn",
      "link": true
    }
  },
  "dependencies": {
    "garn": {
      "version": "file:../garn",
      "requires": {
        "eslint": "^8.19.0"
      }
    }
  }
}
